{
  "pins" : [
    {
      "identity" : "test-ondoc-spm",
      "kind" : "remoteSourceControl",
      "location" : "https://github.com/romacv/test-ondoc-spm",
      "state" : {
        "branch" : "master",
        "revision" : "b7f41c4b7a04cb6c92bf2eddd0188b56f3c0c9bf"
      }
    }
  ],
  "version" : 2
}
